// !$*UTF8*$!
{
	archiveVersion = 1;
	classes = {
	};
	objectVersion = 56;
	objects = {

/* Begin PBXBuildFile section */
		A03B52512B8785510003DB67 /* AppDelegate.swift in Sources */ = {isa = PBXBuildFile; fileRef = A03B52502B8785510003DB67 /* AppDelegate.swift */; };
		A03B52532B8785510003DB67 /* SceneDelegate.swift in Sources */ = {isa = PBXBuildFile; fileRef = A03B52522B8785510003DB67 /* SceneDelegate.swift */; };
		A03B52552B8785510003DB67 /* WeatherViewController.swift in Sources */ = {isa = PBXBuildFile; fileRef = A03B52542B8785510003DB67 /* WeatherViewController.swift */; };
		A03B525A2B8785530003DB67 /* Assets.xcassets in Resources */ = {isa = PBXBuildFile; fileRef = A03B52592B8785530003DB67 /* Assets.xcassets */; };
		A03B525D2B8785530003DB67 /* LaunchScreen.storyboard in Resources */ = {isa = PBXBuildFile; fileRef = A03B525B2B8785530003DB67 /* LaunchScreen.storyboard */; };
		A05304912B8E50890035D3FE /* ModelGeoLocation.swift in Sources */ = {isa = PBXBuildFile; fileRef = A05304902B8E50890035D3FE /* ModelGeoLocation.swift */; };
		A05304942B8E8D720035D3FE /* Constants.swift in Sources */ = {isa = PBXBuildFile; fileRef = A05304932B8E8D720035D3FE /* Constants.swift */; };
		A05655842B8E06300043277D /* NetworkService.swift in Sources */ = {isa = PBXBuildFile; fileRef = A05655832B8E06300043277D /* NetworkService.swift */; };
		A05655862B8E1C170043277D /* WeatherAppViewModel.swift in Sources */ = {isa = PBXBuildFile; fileRef = A05655852B8E1C170043277D /* WeatherAppViewModel.swift */; };
		A0FE4AA02B8B4D11009B7E45 /* Model.swift in Sources */ = {isa = PBXBuildFile; fileRef = A0FE4A9F2B8B4D11009B7E45 /* Model.swift */; };
		DFE3BC31A6B5099B69395A14 /* Pods_WheatherApp.framework in Frameworks */ = {isa = PBXBuildFile; fileRef = 791FC202D1E4B21D457CFCBF /* Pods_WheatherApp.framework */; };
/* End PBXBuildFile section */

/* Begin PBXFileReference section */
		314AF02A08F09D5A3771E3BD /* Pods-WheatherApp.debug.xcconfig */ = {isa = PBXFileReference; includeInIndex = 1; lastKnownFileType = text.xcconfig; name = "Pods-WheatherApp.debug.xcconfig"; path = "Target Support Files/Pods-WheatherApp/Pods-WheatherApp.debug.xcconfig"; sourceTree = "<group>"; };
		791FC202D1E4B21D457CFCBF /* Pods_WheatherApp.framework */ = {isa = PBXFileReference; explicitFileType = wrapper.framework; includeInIndex = 0; path = Pods_WheatherApp.framework; sourceTree = BUILT_PRODUCTS_DIR; };
		7AC5EB38E69E0CE55F8EC433 /* Pods-WheatherApp.release.xcconfig */ = {isa = PBXFileReference; includeInIndex = 1; lastKnownFileType = text.xcconfig; name = "Pods-WheatherApp.release.xcconfig"; path = "Target Support Files/Pods-WheatherApp/Pods-WheatherApp.release.xcconfig"; sourceTree = "<group>"; };
		A03B524D2B8785510003DB67 /* WheatherApp.app */ = {isa = PBXFileReference; explicitFileType = wrapper.application; includeInIndex = 0; path = WheatherApp.app; sourceTree = BUILT_PRODUCTS_DIR; };
		A03B52502B8785510003DB67 /* AppDelegate.swift */ = {isa = PBXFileReference; lastKnownFileType = sourcecode.swift; path = AppDelegate.swift; sourceTree = "<group>"; };
		A03B52522B8785510003DB67 /* SceneDelegate.swift */ = {isa = PBXFileReference; lastKnownFileType = sourcecode.swift; path = SceneDelegate.swift; sourceTree = "<group>"; };
		A03B52542B8785510003DB67 /* WeatherViewController.swift */ = {isa = PBXFileReference; lastKnownFileType = sourcecode.swift; path = WeatherViewController.swift; sourceTree = "<group>"; };
		A03B52592B8785530003DB67 /* Assets.xcassets */ = {isa = PBXFileReference; lastKnownFileType = folder.assetcatalog; path = Assets.xcassets; sourceTree = "<group>"; };
		A03B525C2B8785530003DB67 /* Base */ = {isa = PBXFileReference; lastKnownFileType = file.storyboard; name = Base; path = Base.lproj/LaunchScreen.storyboard; sourceTree = "<group>"; };
		A03B525E2B8785530003DB67 /* Info.plist */ = {isa = PBXFileReference; lastKnownFileType = text.plist.xml; path = Info.plist; sourceTree = "<group>"; };
		A05304902B8E50890035D3FE /* ModelGeoLocation.swift */ = {isa = PBXFileReference; lastKnownFileType = sourcecode.swift; path = ModelGeoLocation.swift; sourceTree = "<group>"; };
		A05304932B8E8D720035D3FE /* Constants.swift */ = {isa = PBXFileReference; lastKnownFileType = sourcecode.swift; path = Constants.swift; sourceTree = "<group>"; };
		A05655832B8E06300043277D /* NetworkService.swift */ = {isa = PBXFileReference; lastKnownFileType = sourcecode.swift; path = NetworkService.swift; sourceTree = "<group>"; };
		A05655852B8E1C170043277D /* WeatherAppViewModel.swift */ = {isa = PBXFileReference; lastKnownFileType = sourcecode.swift; path = WeatherAppViewModel.swift; sourceTree = "<group>"; };
		A0FE4A9F2B8B4D11009B7E45 /* Model.swift */ = {isa = PBXFileReference; lastKnownFileType = sourcecode.swift; path = Model.swift; sourceTree = "<group>"; };
/* End PBXFileReference section */

/* Begin PBXFrameworksBuildPhase section */
		A03B524A2B8785510003DB67 /* Frameworks */ = {
			isa = PBXFrameworksBuildPhase;
			buildActionMask = 2147483647;
			files = (
				DFE3BC31A6B5099B69395A14 /* Pods_WheatherApp.framework in Frameworks */,
			);
			runOnlyForDeploymentPostprocessing = 0;
		};
/* End PBXFrameworksBuildPhase section */

/* Begin PBXGroup section */
		0D5F5E0E75FC514B5E275679 /* Pods */ = {
			isa = PBXGroup;
			children = (
				314AF02A08F09D5A3771E3BD /* Pods-WheatherApp.debug.xcconfig */,
				7AC5EB38E69E0CE55F8EC433 /* Pods-WheatherApp.release.xcconfig */,
			);
			path = Pods;
			sourceTree = "<group>";
		};
		2B7D71C5A2FB791EFDB0B07B /* Frameworks */ = {
			isa = PBXGroup;
			children = (
				791FC202D1E4B21D457CFCBF /* Pods_WheatherApp.framework */,
			);
			name = Frameworks;
			sourceTree = "<group>";
		};
		A03B52442B8785510003DB67 = {
			isa = PBXGroup;
			children = (
				A05304922B8E8C020035D3FE /* ViewModels */,
				A05655822B8E05CD0043277D /* Service */,
				A05655812B8DCA340043277D /* Model */,
				A03B524F2B8785510003DB67 /* WheatherApp */,
				A03B524E2B8785510003DB67 /* Products */,
				0D5F5E0E75FC514B5E275679 /* Pods */,
				2B7D71C5A2FB791EFDB0B07B /* Frameworks */,
			);
			sourceTree = "<group>";
		};
		A03B524E2B8785510003DB67 /* Products */ = {
			isa = PBXGroup;
			children = (
				A03B524D2B8785510003DB67 /* WheatherApp.app */,
			);
			name = Products;
			sourceTree = "<group>";
		};
		A03B524F2B8785510003DB67 /* WheatherApp */ = {
			isa = PBXGroup;
			children = (
				A03B52502B8785510003DB67 /* AppDelegate.swift */,
				A03B52522B8785510003DB67 /* SceneDelegate.swift */,
				A03B52542B8785510003DB67 /* WeatherViewController.swift */,
				A05304932B8E8D720035D3FE /* Constants.swift */,
				A03B52592B8785530003DB67 /* Assets.xcassets */,
				A03B525B2B8785530003DB67 /* LaunchScreen.storyboard */,
				A03B525E2B8785530003DB67 /* Info.plist */,
			);
			path = WheatherApp;
			sourceTree = "<group>";
		};
		A05304922B8E8C020035D3FE /* ViewModels */ = {
			isa = PBXGroup;
			children = (
				A05655852B8E1C170043277D /* WeatherAppViewModel.swift */,
			);
			path = ViewModels;
			sourceTree = "<group>";
		};
		A05655812B8DCA340043277D /* Model */ = {
			isa = PBXGroup;
			children = (
				A0FE4A9F2B8B4D11009B7E45 /* Model.swift */,
				A05304902B8E50890035D3FE /* ModelGeoLocation.swift */,
			);
			path = Model;
			sourceTree = "<group>";
		};
		A05655822B8E05CD0043277D /* Service */ = {
			isa = PBXGroup;
			children = (
				A05655832B8E06300043277D /* NetworkService.swift */,
			);
			path = Service;
			sourceTree = "<group>";
		};
/* End PBXGroup section */

/* Begin PBXNativeTarget section */
		A03B524C2B8785510003DB67 /* WheatherApp */ = {
			isa = PBXNativeTarget;
			buildConfigurationList = A03B52612B8785530003DB67 /* Build configuration list for PBXNativeTarget "WheatherApp" */;
			buildPhases = (
				761F79AF35E8EFF20AC0D037 /* [CP] Check Pods Manifest.lock */,
				A03B52492B8785510003DB67 /* Sources */,
				A03B524A2B8785510003DB67 /* Frameworks */,
				A03B524B2B8785510003DB67 /* Resources */,
				3A9DB096DC6BEF845725427C /* [CP] Embed Pods Frameworks */,
			);
			buildRules = (
			);
			dependencies = (
			);
			name = WheatherApp;
			productName = WheatherApp;
			productReference = A03B524D2B8785510003DB67 /* WheatherApp.app */;
			productType = "com.apple.product-type.application";
		};
/* End PBXNativeTarget section */

/* Begin PBXProject section */
		A03B52452B8785510003DB67 /* Project object */ = {
			isa = PBXProject;
			attributes = {
				BuildIndependentTargetsInParallel = 1;
				LastSwiftUpdateCheck = 1500;
				LastUpgradeCheck = 1500;
				TargetAttributes = {
					A03B524C2B8785510003DB67 = {
						CreatedOnToolsVersion = 15.0;
					};
				};
			};
			buildConfigurationList = A03B52482B8785510003DB67 /* Build configuration list for PBXProject "WheatherApp" */;
			compatibilityVersion = "Xcode 14.0";
			developmentRegion = en;
			hasScannedForEncodings = 0;
			knownRegions = (
				en,
				Base,
			);
			mainGroup = A03B52442B8785510003DB67;
			productRefGroup = A03B524E2B8785510003DB67 /* Products */;
			projectDirPath = "";
			projectRoot = "";
			targets = (
				A03B524C2B8785510003DB67 /* WheatherApp */,
			);
		};
/* End PBXProject section */

/* Begin PBXResourcesBuildPhase section */
		A03B524B2B8785510003DB67 /* Resources */ = {
			isa = PBXResourcesBuildPhase;
			buildActionMask = 2147483647;
			files = (
				A03B525D2B8785530003DB67 /* LaunchScreen.storyboard in Resources */,
				A03B525A2B8785530003DB67 /* Assets.xcassets in Resources */,
			);
			runOnlyForDeploymentPostprocessing = 0;
		};
/* End PBXResourcesBuildPhase section */

/* Begin PBXShellScriptBuildPhase section */
		3A9DB096DC6BEF845725427C /* [CP] Embed Pods Frameworks */ = {
			isa = PBXShellScriptBuildPhase;
			buildActionMask = 2147483647;
			files = (
			);
			inputFileListPaths = (
				"${PODS_ROOT}/Target Support Files/Pods-WheatherApp/Pods-WheatherApp-frameworks-${CONFIGURATION}-input-files.xcfilelist",
			);
			name = "[CP] Embed Pods Frameworks";
			outputFileListPaths = (
				"${PODS_ROOT}/Target Support Files/Pods-WheatherApp/Pods-WheatherApp-frameworks-${CONFIGURATION}-output-files.xcfilelist",
			);
			runOnlyForDeploymentPostprocessing = 0;
			shellPath = /bin/sh;
			shellScript = "\"${PODS_ROOT}/Target Support Files/Pods-WheatherApp/Pods-WheatherApp-frameworks.sh\"\n";
			showEnvVarsInLog = 0;
		};
		761F79AF35E8EFF20AC0D037 /* [CP] Check Pods Manifest.lock */ = {
			isa = PBXShellScriptBuildPhase;
			buildActionMask = 2147483647;
			files = (
			);
			inputFileListPaths = (
			);
			inputPaths = (
				"${PODS_PODFILE_DIR_PATH}/Podfile.lock",
				"${PODS_ROOT}/Manifest.lock",
			);
			name = "[CP] Check Pods Manifest.lock";
			outputFileListPaths = (
			);
			outputPaths = (
				"$(DERIVED_FILE_DIR)/Pods-WheatherApp-checkManifestLockResult.txt",
			);
			runOnlyForDeploymentPostprocessing = 0;
			shellPath = /bin/sh;
			shellScript = "diff \"${PODS_PODFILE_DIR_PATH}/Podfile.lock\" \"${PODS_ROOT}/Manifest.lock\" > /dev/null\nif [ $? != 0 ] ; then\n    # print error to STDERR\n    echo \"error: The sandbox is not in sync with the Podfile.lock. Run 'pod install' or update your CocoaPods installation.\" >&2\n    exit 1\nfi\n# This output is used by Xcode 'outputs' to avoid re-running this script phase.\necho \"SUCCESS\" > \"${SCRIPT_OUTPUT_FILE_0}\"\n";
			showEnvVarsInLog = 0;
		};
/* End PBXShellScriptBuildPhase section */

/* Begin PBXSourcesBuildPhase section */
		A03B52492B8785510003DB67 /* Sources */ = {
			isa = PBXSourcesBuildPhase;
			buildActionMask = 2147483647;
			files = (
				A05655842B8E06300043277D /* NetworkService.swift in Sources */,
				A0FE4AA02B8B4D11009B7E45 /* Model.swift in Sources */,
				A05304912B8E50890035D3FE /* ModelGeoLocation.swift in Sources */,
				A03B52552B8785510003DB67 /* WeatherViewController.swift in Sources */,
				A03B52512B8785510003DB67 /* AppDelegate.swift in Sources */,
				A05655862B8E1C170043277D /* WeatherAppViewModel.swift in Sources */,
				A03B52532B8785510003DB67 /* SceneDelegate.swift in Sources */,
				A05304942B8E8D720035D3FE /* Constants.swift in Sources */,
			);
			runOnlyForDeploymentPostprocessing = 0;
		};
/* End PBXSourcesBuildPhase section */

/* Begin PBXVariantGroup section */
		A03B525B2B8785530003DB67 /* LaunchScreen.storyboard */ = {
			isa = PBXVariantGroup;
			children = (
				A03B525C2B8785530003DB67 /* Base */,
			);
			name = LaunchScreen.storyboard;
			sourceTree = "<group>";
		};
/* End PBXVariantGroup section */

/* Begin XCBuildConfiguration section */
		A03B525F2B8785530003DB67 /* Debug */ = {
			isa = XCBuildConfiguration;
			buildSettings = {
				ALWAYS_SEARCH_USER_PATHS = NO;
				ASSETCATALOG_COMPILER_GENERATE_SWIFT_ASSET_SYMBOL_EXTENSIONS = YES;
				CLANG_ANALYZER_NONNULL = YES;
				CLANG_ANALYZER_NUMBER_OBJECT_CONVERSION = YES_AGGRESSIVE;
				CLANG_CXX_LANGUAGE_STANDARD = "gnu++20";
				CLANG_ENABLE_MODULES = YES;
				CLANG_ENABLE_OBJC_ARC = YES;
				CLANG_ENABLE_OBJC_WEAK = YES;
				CLANG_WARN_BLOCK_CAPTURE_AUTORELEASING = YES;
				CLANG_WARN_BOOL_CONVERSION = YES;
				CLANG_WARN_COMMA = YES;
				CLANG_WARN_CONSTANT_CONVERSION = YES;
				CLANG_WARN_DEPRECATED_OBJC_IMPLEMENTATIONS = YES;
				CLANG_WARN_DIRECT_OBJC_ISA_USAGE = YES_ERROR;
				CLANG_WARN_DOCUMENTATION_COMMENTS = YES;
				CLANG_WARN_EMPTY_BODY = YES;
				CLANG_WARN_ENUM_CONVERSION = YES;
				CLANG_WARN_INFINITE_RECURSION = YES;
				CLANG_WARN_INT_CONVERSION = YES;
				CLANG_WARN_NON_LITERAL_NULL_CONVERSION = YES;
				CLANG_WARN_OBJC_IMPLICIT_RETAIN_SELF = YES;
				CLANG_WARN_OBJC_LITERAL_CONVERSION = YES;
				CLANG_WARN_OBJC_ROOT_CLASS = YES_ERROR;
				CLANG_WARN_QUOTED_INCLUDE_IN_FRAMEWORK_HEADER = YES;
				CLANG_WARN_RANGE_LOOP_ANALYSIS = YES;
				CLANG_WARN_STRICT_PROTOTYPES = YES;
				CLANG_WARN_SUSPICIOUS_MOVE = YES;
				CLANG_WARN_UNGUARDED_AVAILABILITY = YES_AGGRESSIVE;
				CLANG_WARN_UNREACHABLE_CODE = YES;
				CLANG_WARN__DUPLICATE_METHOD_MATCH = YES;
				COPY_PHASE_STRIP = NO;
				DEBUG_INFORMATION_FORMAT = dwarf;
				ENABLE_STRICT_OBJC_MSGSEND = YES;
				ENABLE_TESTABILITY = YES;
				ENABLE_USER_SCRIPT_SANDBOXING = NO;
				GCC_C_LANGUAGE_STANDARD = gnu17;
				GCC_DYNAMIC_NO_PIC = NO;
				GCC_NO_COMMON_BLOCKS = YES;
				GCC_OPTIMIZATION_LEVEL = 0;
				GCC_PREPROCESSOR_DEFINITIONS = (
					"DEBUG=1",
					"$(inherited)",
				);
				GCC_WARN_64_TO_32_BIT_CONVERSION = YES;
				GCC_WARN_ABOUT_RETURN_TYPE = YES_ERROR;
				GCC_WARN_UNDECLARED_SELECTOR = YES;
				GCC_WARN_UNINITIALIZED_AUTOS = YES_AGGRESSIVE;
				GCC_WARN_UNUSED_FUNCTION = YES;
				GCC_WARN_UNUSED_VARIABLE = YES;
				IPHONEOS_DEPLOYMENT_TARGET = 14.0;
				LOCALIZATION_PREFERS_STRING_CATALOGS = YES;
				MTL_ENABLE_DEBUG_INFO = INCLUDE_SOURCE;
				MTL_FAST_MATH = YES;
				ONLY_ACTIVE_ARCH = YES;
				SDKROOT = iphoneos;
				SWIFT_ACTIVE_COMPILATION_CONDITIONS = "DEBUG $(inherited)";
				SWIFT_OPTIMIZATION_LEVEL = "-Onone";
			};
			name = Debug;
		};
		A03B52602B8785530003DB67 /* Release */ = {
			isa = XCBuildConfiguration;
			buildSettings = {
				ALWAYS_SEARCH_USER_PATHS = NO;
				ASSETCATALOG_COMPILER_GENERATE_SWIFT_ASSET_SYMBOL_EXTENSIONS = YES;
				CLANG_ANALYZER_NONNULL = YES;
				CLANG_ANALYZER_NUMBER_OBJECT_CONVERSION = YES_AGGRESSIVE;
				CLANG_CXX_LANGUAGE_STANDARD = "gnu++20";
				CLANG_ENABLE_MODULES = YES;
				CLANG_ENABLE_OBJC_ARC = YES;
				CLANG_ENABLE_OBJC_WEAK = YES;
				CLANG_WARN_BLOCK_CAPTURE_AUTORELEASING = YES;
				CLANG_WARN_BOOL_CONVERSION = YES;
				CLANG_WARN_COMMA = YES;
				CLANG_WARN_CONSTANT_CONVERSION = YES;
				CLANG_WARN_DEPRECATED_OBJC_IMPLEMENTATIONS = YES;
				CLANG_WARN_DIRECT_OBJC_ISA_USAGE = YES_ERROR;
				CLANG_WARN_DOCUMENTATION_COMMENTS = YES;
				CLANG_WARN_EMPTY_BODY = YES;
				CLANG_WARN_ENUM_CONVERSION = YES;
				CLANG_WARN_INFINITE_RECURSION = YES;
				CLANG_WARN_INT_CONVERSION = YES;
				CLANG_WARN_NON_LITERAL_NULL_CONVERSION = YES;
				CLANG_WARN_OBJC_IMPLICIT_RETAIN_SELF = YES;
				CLANG_WARN_OBJC_LITERAL_CONVERSION = YES;
				CLANG_WARN_OBJC_ROOT_CLASS = YES_ERROR;
				CLANG_WARN_QUOTED_INCLUDE_IN_FRAMEWORK_HEADER = YES;
				CLANG_WARN_RANGE_LOOP_ANALYSIS = YES;
				CLANG_WARN_STRICT_PROTOTYPES = YES;
				CLANG_WARN_SUSPICIOUS_MOVE = YES;
				CLANG_WARN_UNGUARDED_AVAILABILITY = YES_AGGRESSIVE;
				CLANG_WARN_UNREACHABLE_CODE = YES;
				CLANG_WARN__DUPLICATE_METHOD_MATCH = YES;
				COPY_PHASE_STRIP = NO;
				DEBUG_INFORMATION_FORMAT = "dwarf-with-dsym";
				ENABLE_NS_ASSERTIONS = NO;
				ENABLE_STRICT_OBJC_MSGSEND = YES;
				ENABLE_USER_SCRIPT_SANDBOXING = NO;
				GCC_C_LANGUAGE_STANDARD = gnu17;
				GCC_NO_COMMON_BLOCKS = YES;
				GCC_WARN_64_TO_32_BIT_CONVERSION = YES;
				GCC_WARN_ABOUT_RETURN_TYPE = YES_ERROR;
				GCC_WARN_UNDECLARED_SELECTOR = YES;
				GCC_WARN_UNINITIALIZED_AUTOS = YES_AGGRESSIVE;
				GCC_WARN_UNUSED_FUNCTION = YES;
				GCC_WARN_UNUSED_VARIABLE = YES;
				IPHONEOS_DEPLOYMENT_TARGET = 14.0;
				LOCALIZATION_PREFERS_STRING_CATALOGS = YES;
				MTL_ENABLE_DEBUG_INFO = NO;
				MTL_FAST_MATH = YES;
				SDKROOT = iphoneos;
				SWIFT_COMPILATION_MODE = wholemodule;
				VALIDATE_PRODUCT = YES;
			};
			name = Release;
		};
		A03B52622B8785530003DB67 /* Debug */ = {
			isa = XCBuildConfiguration;
			baseConfigurationReference = 314AF02A08F09D5A3771E3BD /* Pods-WheatherApp.debug.xcconfig */;
			buildSettings = {
				ASSETCATALOG_COMPILER_APPICON_NAME = AppIcon;
				ASSETCATALOG_COMPILER_GLOBAL_ACCENT_COLOR_NAME = AccentColor;
				CODE_SIGN_STYLE = Automatic;
				CURRENT_PROJECT_VERSION = 1;
				DEVELOPMENT_TEAM = 5C8TWT3J5V;
				GENERATE_INFOPLIST_FILE = YES;
				INFOPLIST_FILE = WheatherApp/Info.plist;
				INFOPLIST_KEY_UIApplicationSupportsIndirectInputEvents = YES;
				INFOPLIST_KEY_UILaunchStoryboardName = LaunchScreen;
				INFOPLIST_KEY_UIMainStoryboardFile = "";
				INFOPLIST_KEY_UISupportedInterfaceOrientations_iPad = "UIInterfaceOrientationPortrait UIInterfaceOrientationPortraitUpsideDown UIInterfaceOrientationLandscapeLeft UIInterfaceOrientationLandscapeRight";
				INFOPLIST_KEY_UISupportedInterfaceOrientations_iPhone = "UIInterfaceOrientationPortrait UIInterfaceOrientationLandscapeLeft UIInterfaceOrientationLandscapeRight";
				IPHONEOS_DEPLOYMENT_TARGET = 14.0;
				LD_RUNPATH_SEARCH_PATHS = (
					"$(inherited)",
					"@executable_path/Frameworks",
				);
				MARKETING_VERSION = 1.0;
				PRODUCT_BUNDLE_IDENTIFIER = solovyov.WheatherApp;
				PRODUCT_NAME = "$(TARGET_NAME)";
				SWIFT_EMIT_LOC_STRINGS = YES;
				SWIFT_VERSION = 5.0;
				TARGETED_DEVICE_FAMILY = "1,2";
			};
			name = Debug;
		};
		A03B52632B8785530003DB67 /* Release */ = {
			isa = XCBuildConfiguration;
			baseConfigurationReference = 7AC5EB38E69E0CE55F8EC433 /* Pods-WheatherApp.release.xcconfig */;
			buildSettings = {
				ASSETCATALOG_COMPILER_APPICON_NAME = AppIcon;
				ASSETCATALOG_COMPILER_GLOBAL_ACCENT_COLOR_NAME = AccentColor;
				CODE_SIGN_STYLE = Automatic;
				CURRENT_PROJECT_VERSION = 1;
				DEVELOPMENT_TEAM = 5C8TWT3J5V;
				GENERATE_INFOPLIST_FILE = YES;
				INFOPLIST_FILE = WheatherApp/Info.plist;
				INFOPLIST_KEY_UIApplicationSupportsIndirectInputEvents = YES;
				INFOPLIST_KEY_UILaunchStoryboardName = LaunchScreen;
				INFOPLIST_KEY_UIMainStoryboardFile = "";
				INFOPLIST_KEY_UISupportedInterfaceOrientations_iPad = "UIInterfaceOrientationPortrait UIInterfaceOrientationPortraitUpsideDown UIInterfaceOrientationLandscapeLeft UIInterfaceOrientationLandscapeRight";
				INFOPLIST_KEY_UISupportedInterfaceOrientations_iPhone = "UIInterfaceOrientationPortrait UIInterfaceOrientationLandscapeLeft UIInterfaceOrientationLandscapeRight";
				IPHONEOS_DEPLOYMENT_TARGET = 14.0;
				LD_RUNPATH_SEARCH_PATHS = (
					"$(inherited)",
					"@executable_path/Frameworks",
				);
				MARKETING_VERSION = 1.0;
				PRODUCT_BUNDLE_IDENTIFIER = solovyov.WheatherApp;
				PRODUCT_NAME = "$(TARGET_NAME)";
				SWIFT_EMIT_LOC_STRINGS = YES;
				SWIFT_VERSION = 5.0;
				TARGETED_DEVICE_FAMILY = "1,2";
			};
			name = Release;
		};
/* End XCBuildConfiguration section */

/* Begin XCConfigurationList section */
		A03B52482B8785510003DB67 /* Build configuration list for PBXProject "WheatherApp" */ = {
			isa = XCConfigurationList;
			buildConfigurations = (
				A03B525F2B8785530003DB67 /* Debug */,
				A03B52602B8785530003DB67 /* Release */,
			);
			defaultConfigurationIsVisible = 0;
			defaultConfigurationName = Release;
		};
		A03B52612B8785530003DB67 /* Build configuration list for PBXNativeTarget "WheatherApp" */ = {
			isa = XCConfigurationList;
			buildConfigurations = (
				A03B52622B8785530003DB67 /* Debug */,
				A03B52632B8785530003DB67 /* Release */,
			);
			defaultConfigurationIsVisible = 0;
			defaultConfigurationName = Release;
		};
/* End XCConfigurationList section */
	};
	rootObject = A03B52452B8785510003DB67 /* Project object */;
}
